
Microsoft Visual Studio Solution File, Format Version 12.00
# Visual Studio Version 17
VisualStudioVersion = 17.9.34407.89
MinimumVisualStudioVersion = 10.0.40219.1
Project("{FAE04EC0-301F-11D3-BF4B-00C04F79EFBC}") = "MyChatApp", "MyChatApp\MyChatApp.csproj", "{45741EDA-5062-4B8A-8D41-375F570D7E76}"
EndProject
Global
	GlobalSection(SolutionConfigurationPlatforms) = preSolution
		Debug|Any CPU = Debug|Any CPU
		Release|Any CPU = Release|Any CPU
	EndGlobalSection
	GlobalSection(ProjectConfigurationPlatforms) = postSolution
		{45741EDA-5062-4B8A-8D41-375F570D7E76}.Debug|Any CPU.ActiveCfg = Debug|Any CPU
		{45741EDA-5062-4B8A-8D41-375F570D7E76}.Debug|Any CPU.Build.0 = Debug|Any CPU
		{45741EDA-5062-4B8A-8D41-375F570D7E76}.Release|Any CPU.ActiveCfg = Release|Any CPU
		{45741EDA-5062-4B8A-8D41-375F570D7E76}.Release|Any CPU.Build.0 = Release|Any CPU
	EndGlobalSection
	GlobalSection(SolutionProperties) = preSolution
		HideSolutionNode = FALSE
	EndGlobalSection
	GlobalSection(ExtensibilityGlobals) = postSolution
		SolutionGuid = {4959157E-B3DC-4AEE-9D2B-3B42B8405F08}
	EndGlobalSection
EndGlobal
